// !$*UTF8*$!
{
	archiveVersion = 1;
	classes = {
	};
	objectVersion = 46;
	objects = {

/* Begin PBXBuildFile section */
		18900277155E748A00F160E9 /* friend.png in Resources */ = {isa = PBXBuildFile; fileRef = 18900271155E748A00F160E9 /* friend.png */; };
		18900278155E748A00F160E9 /* invite.png in Resources */ = {isa = PBXBuildFile; fileRef = 18900272155E748A00F160E9 /* invite.png */; };
		18900279155E748A00F160E9 /* twitter.png in Resources */ = {isa = PBXBuildFile; fileRef = 18900273155E748A00F160E9 /* twitter.png */; };
		1890027A155E748A00F160E9 /* mail_grey.png in Resources */ = {isa = PBXBuildFile; fileRef = 18900274155E748A00F160E9 /* mail_grey.png */; };
		1890027B155E748A00F160E9 /* mail_black.png in Resources */ = {isa = PBXBuildFile; fileRef = 18900275155E748A00F160E9 /* mail_black.png */; };
		1890027C155E748A00F160E9 /* facebook.png in Resources */ = {isa = PBXBuildFile; fileRef = 18900276155E748A00F160E9 /* facebook.png */; };
		1890027E155E766A00F160E9 /* back.png in Resources */ = {isa = PBXBuildFile; fileRef = 1890027D155E766A00F160E9 /* back.png */; };
		18900280155E798000F160E9 /* pattern1.jpg in Resources */ = {isa = PBXBuildFile; fileRef = 1890027F155E798000F160E9 /* pattern1.jpg */; };
		1898575C15594EE500F7A0F8 /* jobs_quotes.plist in Resources */ = {isa = PBXBuildFile; fileRef = 1898575B15594EE500F7A0F8 /* jobs_quotes.plist */; };
		1898575E15594FA300F7A0F8 /* steve5.png in Resources */ = {isa = PBXBuildFile; fileRef = 1898575D15594FA300F7A0F8 /* steve5.png */; };
		189F91DC1555666C00AD0D08 /* ShareViewController.m in Sources */ = {isa = PBXBuildFile; fileRef = 189F91DA1555666C00AD0D08 /* ShareViewController.m */; };
		189F91DD1555666C00AD0D08 /* ShareViewController.xib in Resources */ = {isa = PBXBuildFile; fileRef = 189F91DB1555666C00AD0D08 /* ShareViewController.xib */; };
		18A04F75155D79A80079F831 /* Twitter.framework in Frameworks */ = {isa = PBXBuildFile; fileRef = 18A04F74155D79A80079F831 /* Twitter.framework */; };
		18A2BCA5154FA89B00FEFAF4 /* UIKit.framework in Frameworks */ = {isa = PBXBuildFile; fileRef = 18A2BCA4154FA89B00FEFAF4 /* UIKit.framework */; };
		18A2BCA7154FA89B00FEFAF4 /* Foundation.framework in Frameworks */ = {isa = PBXBuildFile; fileRef = 18A2BCA6154FA89B00FEFAF4 /* Foundation.framework */; };
		18A2BCA9154FA89B00FEFAF4 /* CoreGraphics.framework in Frameworks */ = {isa = PBXBuildFile; fileRef = 18A2BCA8154FA89B00FEFAF4 /* CoreGraphics.framework */; };
		18A2BCAF154FA89B00FEFAF4 /* InfoPlist.strings in Resources */ = {isa = PBXBuildFile; fileRef = 18A2BCAD154FA89B00FEFAF4 /* InfoPlist.strings */; };
		18A2BCB1154FA89B00FEFAF4 /* main.m in Sources */ = {isa = PBXBuildFile; fileRef = 18A2BCB0154FA89B00FEFAF4 /* main.m */; };
		18A2BCB5154FA89B00FEFAF4 /* AppDelegate.m in Sources */ = {isa = PBXBuildFile; fileRef = 18A2BCB4154FA89B00FEFAF4 /* AppDelegate.m */; };
		18A2BCB8154FA89B00FEFAF4 /* ViewController.m in Sources */ = {isa = PBXBuildFile; fileRef = 18A2BCB7154FA89B00FEFAF4 /* ViewController.m */; };
		18A2BCBB154FA89B00FEFAF4 /* ViewController_iPhone.xib in Resources */ = {isa = PBXBuildFile; fileRef = 18A2BCB9154FA89B00FEFAF4 /* ViewController_iPhone.xib */; };
		18A2BCBE154FA89B00FEFAF4 /* ViewController_iPad.xib in Resources */ = {isa = PBXBuildFile; fileRef = 18A2BCBC154FA89B00FEFAF4 /* ViewController_iPad.xib */; };
		18A2BCC6154FA8BE00FEFAF4 /* iCarousel.m in Sources */ = {isa = PBXBuildFile; fileRef = 18A2BCC5154FA8BE00FEFAF4 /* iCarousel.m */; };
		18A2BCC8154FA8DA00FEFAF4 /* QuartzCore.framework in Frameworks */ = {isa = PBXBuildFile; fileRef = 18A2BCC7154FA8DA00FEFAF4 /* QuartzCore.framework */; };
		18A2BCD8154FD23A00FEFAF4 /* bill_gates.png in Resources */ = {isa = PBXBuildFile; fileRef = 18A2BCD7154FD23A00FEFAF4 /* bill_gates.png */; };
		18A2BCEA15500E7C00FEFAF4 /* QuotesManager.m in Sources */ = {isa = PBXBuildFile; fileRef = 18A2BCE715500E7C00FEFAF4 /* QuotesManager.m */; };
		18A2BCEB15500E7C00FEFAF4 /* QuoteObject.m in Sources */ = {isa = PBXBuildFile; fileRef = 18A2BCE915500E7C00FEFAF4 /* QuoteObject.m */; };
		18A563B11554D9180069AC14 /* SCFacebook.m in Sources */ = {isa = PBXBuildFile; fileRef = 18A563B01554D9180069AC14 /* SCFacebook.m */; };
		18A563B21554D9520069AC14 /* libfacebook_ios_sdk.a in Frameworks */ = {isa = PBXBuildFile; fileRef = 18A563AE1554D8E80069AC14 /* libfacebook_ios_sdk.a */; };
		18A56B841567AB2400E6183C /* CategoryViewController.m in Sources */ = {isa = PBXBuildFile; fileRef = 18A56B831567AB2400E6183C /* CategoryViewController.m */; };
		18A56B861567B91E00E6183C /* jobs_quotes1.plist in Resources */ = {isa = PBXBuildFile; fileRef = 18A56B851567B91E00E6183C /* jobs_quotes1.plist */; };
		18AFAFB51568AB11001C09A3 /* steve2.jpg in Resources */ = {isa = PBXBuildFile; fileRef = 18AFAFB21568AB11001C09A3 /* steve2.jpg */; };
		18AFAFB61568AB11001C09A3 /* steve3.jpg in Resources */ = {isa = PBXBuildFile; fileRef = 18AFAFB31568AB11001C09A3 /* steve3.jpg */; };
		18AFAFB71568AB11001C09A3 /* steve4.jpg in Resources */ = {isa = PBXBuildFile; fileRef = 18AFAFB41568AB11001C09A3 /* steve4.jpg */; };
		18AFAFBC1568AB47001C09A3 /* 7.jpg in Resources */ = {isa = PBXBuildFile; fileRef = 18AFAFB91568AB47001C09A3 /* 7.jpg */; };
		18AFAFBD1568AB47001C09A3 /* steve0.jpg in Resources */ = {isa = PBXBuildFile; fileRef = 18AFAFBA1568AB47001C09A3 /* steve0.jpg */; };
		18AFAFBE1568AB47001C09A3 /* steve1.jpg in Resources */ = {isa = PBXBuildFile; fileRef = 18AFAFBB1568AB47001C09A3 /* steve1.jpg */; };
		18AFAFC31568ABAF001C09A3 /* 6.jpg in Resources */ = {isa = PBXBuildFile; fileRef = 18AFAFBF1568ABAF001C09A3 /* 6.jpg */; };
		18AFAFC41568ABAF001C09A3 /* 4.jpg in Resources */ = {isa = PBXBuildFile; fileRef = 18AFAFC01568ABAF001C09A3 /* 4.jpg */; };
		18AFAFC51568ABAF001C09A3 /* 3.jpg in Resources */ = {isa = PBXBuildFile; fileRef = 18AFAFC11568ABAF001C09A3 /* 3.jpg */; };
		18AFAFC61568ABAF001C09A3 /* 2.jpg in Resources */ = {isa = PBXBuildFile; fileRef = 18AFAFC21568ABAF001C09A3 /* 2.jpg */; };
		18C442C2155E7D450023E71D /* wood.jpg in Resources */ = {isa = PBXBuildFile; fileRef = 18C442BD155E7D450023E71D /* wood.jpg */; };
		18C442C3155E7D450023E71D /* deer.jpg in Resources */ = {isa = PBXBuildFile; fileRef = 18C442BE155E7D450023E71D /* deer.jpg */; };
		18C442C4155E7D450023E71D /* moon_light.jpg in Resources */ = {isa = PBXBuildFile; fileRef = 18C442BF155E7D450023E71D /* moon_light.jpg */; };
		18C442C5155E7D450023E71D /* blue_rays.jpg in Resources */ = {isa = PBXBuildFile; fileRef = 18C442C0155E7D450023E71D /* blue_rays.jpg */; };
		18C442DD155EA82B0023E71D /* 1.jpg in Resources */ = {isa = PBXBuildFile; fileRef = 18C442DC155EA82B0023E71D /* 1.jpg */; };
		18C442DF155EA8390023E71D /* 28.jpg in Resources */ = {isa = PBXBuildFile; fileRef = 18C442DE155EA8390023E71D /* 28.jpg */; };
		18C442E1155EA8550023E71D /* 71.jpg in Resources */ = {isa = PBXBuildFile; fileRef = 18C442E0155EA8550023E71D /* 71.jpg */; };
		18C4433D155F71B60023E71D /* AFHTTPClient.m in Sources */ = {isa = PBXBuildFile; fileRef = 18C44329155F71B60023E71D /* AFHTTPClient.m */; settings = {COMPILER_FLAGS = "-fno-objc-arc"; }; };
		18C4433E155F71B60023E71D /* AFHTTPRequestOperation.m in Sources */ = {isa = PBXBuildFile; fileRef = 18C4432B155F71B60023E71D /* AFHTTPRequestOperation.m */; settings = {COMPILER_FLAGS = "-fno-objc-arc"; }; };
		18C4433F155F71B60023E71D /* AFImageRequestOperation.m in Sources */ = {isa = PBXBuildFile; fileRef = 18C4432D155F71B60023E71D /* AFImageRequestOperation.m */; settings = {COMPILER_FLAGS = "-fno-objc-arc"; }; };
		18C44340155F71B60023E71D /* AFJSONRequestOperation.m in Sources */ = {isa = PBXBuildFile; fileRef = 18C4432F155F71B60023E71D /* AFJSONRequestOperation.m */; settings = {COMPILER_FLAGS = "-fno-objc-arc"; }; };
		18C44341155F71B60023E71D /* AFJSONUtilities.m in Sources */ = {isa = PBXBuildFile; fileRef = 18C44331155F71B60023E71D /* AFJSONUtilities.m */; settings = {COMPILER_FLAGS = "-fno-objc-arc"; }; };
		18C44342155F71B60023E71D /* AFNetworkActivityIndicatorManager.m in Sources */ = {isa = PBXBuildFile; fileRef = 18C44333155F71B60023E71D /* AFNetworkActivityIndicatorManager.m */; settings = {COMPILER_FLAGS = "-fno-objc-arc"; }; };
		18C44343155F71B60023E71D /* AFPropertyListRequestOperation.m in Sources */ = {isa = PBXBuildFile; fileRef = 18C44336155F71B60023E71D /* AFPropertyListRequestOperation.m */; settings = {COMPILER_FLAGS = "-fno-objc-arc"; }; };
		18C44344155F71B60023E71D /* AFURLConnectionOperation.m in Sources */ = {isa = PBXBuildFile; fileRef = 18C44338155F71B60023E71D /* AFURLConnectionOperation.m */; settings = {COMPILER_FLAGS = "-fno-objc-arc"; }; };
		18C44345155F71B60023E71D /* AFXMLRequestOperation.m in Sources */ = {isa = PBXBuildFile; fileRef = 18C4433A155F71B60023E71D /* AFXMLRequestOperation.m */; settings = {COMPILER_FLAGS = "-fno-objc-arc"; }; };
		18C44346155F71B60023E71D /* UIImageView+AFNetworking.m in Sources */ = {isa = PBXBuildFile; fileRef = 18C4433C155F71B60023E71D /* UIImageView+AFNetworking.m */; settings = {COMPILER_FLAGS = "-fno-objc-arc"; }; };
		18C4434F155F794A0023E71D /* README in Resources */ = {isa = PBXBuildFile; fileRef = 18C4434E155F794A0023E71D /* README */; };
		18C44351155FB58C0023E71D /* john.jpg in Resources */ = {isa = PBXBuildFile; fileRef = 18C44350155FB58C0023E71D /* john.jpg */; };
		18C44353155FB67E0023E71D /* 5.jpg in Resources */ = {isa = PBXBuildFile; fileRef = 18C44352155FB67E0023E71D /* 5.jpg */; };
		18C44355155FB6D60023E71D /* 3.jpeg in Resources */ = {isa = PBXBuildFile; fileRef = 18C44354155FB6D60023E71D /* 3.jpeg */; };
		18C44357155FB70A0023E71D /* 113.png in Resources */ = {isa = PBXBuildFile; fileRef = 18C44356155FB70A0023E71D /* 113.png */; };
		18C44359155FB72A0023E71D /* 8.jpeg in Resources */ = {isa = PBXBuildFile; fileRef = 18C44358155FB72A0023E71D /* 8.jpeg */; };
		18C4435B155FB7390023E71D /* 0.jpg in Resources */ = {isa = PBXBuildFile; fileRef = 18C4435A155FB7390023E71D /* 0.jpg */; };
		18C4435D155FB7490023E71D /* 38.jpg in Resources */ = {isa = PBXBuildFile; fileRef = 18C4435C155FB7480023E71D /* 38.jpg */; };
		18C4435F155FB7650023E71D /* 5.jpeg in Resources */ = {isa = PBXBuildFile; fileRef = 18C4435E155FB7650023E71D /* 5.jpeg */; };
		18C44361155FB7710023E71D /* 60.jpg in Resources */ = {isa = PBXBuildFile; fileRef = 18C44360155FB7710023E71D /* 60.jpg */; };
		18C44367155FE7A20023E71D /* AwesomeMenu.m in Sources */ = {isa = PBXBuildFile; fileRef = 18C44364155FE7A20023E71D /* AwesomeMenu.m */; settings = {COMPILER_FLAGS = "-fno-objc-arc"; }; };
		18C44368155FE7A20023E71D /* AwesomeMenuItem.m in Sources */ = {isa = PBXBuildFile; fileRef = 18C44366155FE7A20023E71D /* AwesomeMenuItem.m */; settings = {COMPILER_FLAGS = "-fno-objc-arc"; }; };
		18C4438E155FED180023E71D /* fb_invite.png in Resources */ = {isa = PBXBuildFile; fileRef = 18C4438A155FED170023E71D /* fb_invite.png */; };
		18C4438F155FED180023E71D /* email.png in Resources */ = {isa = PBXBuildFile; fileRef = 18C4438B155FED170023E71D /* email.png */; };
		18C44390155FED180023E71D /* tw.png in Resources */ = {isa = PBXBuildFile; fileRef = 18C4438C155FED170023E71D /* tw.png */; };
		18C44391155FED180023E71D /* fb.png in Resources */ = {isa = PBXBuildFile; fileRef = 18C4438D155FED180023E71D /* fb.png */; };
		18EF224F1554127F000315D6 /* QuoteView.m in Sources */ = {isa = PBXBuildFile; fileRef = 18EF224E1554127F000315D6 /* QuoteView.m */; };
		18EF228E1554C4F8000315D6 /* libBlocksKit.a in Frameworks */ = {isa = PBXBuildFile; fileRef = 18EF22851554C4B4000315D6 /* libBlocksKit.a */; };
		18EF22901554C611000315D6 /* MessageUI.framework in Frameworks */ = {isa = PBXBuildFile; fileRef = 18EF228F1554C611000315D6 /* MessageUI.framework */; };
/* End PBXBuildFile section */

/* Begin PBXContainerItemProxy section */
		18A563AD1554D8E80069AC14 /* PBXContainerItemProxy */ = {
			isa = PBXContainerItemProxy;
			containerPortal = 18A563A61554D8E80069AC14 /* facebook-ios-sdk.xcodeproj */;
			proxyType = 2;
			remoteGlobalIDString = D2AAC07E0554694100DB518D;
			remoteInfo = "facebook-ios-sdk";
		};
		18EF22841554C4B4000315D6 /* PBXContainerItemProxy */ = {
			isa = PBXContainerItemProxy;
			containerPortal = 18EF22771554C4B4000315D6 /* BlocksKit.xcodeproj */;
			proxyType = 2;
			remoteGlobalIDString = 6C3DBF8D1382F1BA00E6C9AA;
			remoteInfo = "iOS Library";
		};
		18EF22861554C4B4000315D6 /* PBXContainerItemProxy */ = {
			isa = PBXContainerItemProxy;
			containerPortal = 18EF22771554C4B4000315D6 /* BlocksKit.xcodeproj */;
			proxyType = 2;
			remoteGlobalIDString = 6CC40A751447BB1400E47595;
			remoteInfo = "OS X Framework";
		};
		18EF22881554C4B4000315D6 /* PBXContainerItemProxy */ = {
			isa = PBXContainerItemProxy;
			containerPortal = 18EF22771554C4B4000315D6 /* BlocksKit.xcodeproj */;
			proxyType = 2;
			remoteGlobalIDString = 6CC08FCE1385555D00DDEABB;
			remoteInfo = "OS X Library";
		};
		18EF228A1554C4B4000315D6 /* PBXContainerItemProxy */ = {
			isa = PBXContainerItemProxy;
			containerPortal = 18EF22771554C4B4000315D6 /* BlocksKit.xcodeproj */;
			proxyType = 2;
			remoteGlobalIDString = 6CC0900913855CAE00DDEABB;
			remoteInfo = "Chameleon Library";
		};
		18EF228C1554C4B4000315D6 /* PBXContainerItemProxy */ = {
			isa = PBXContainerItemProxy;
			containerPortal = 18EF22771554C4B4000315D6 /* BlocksKit.xcodeproj */;
			proxyType = 2;
			remoteGlobalIDString = 60FF000713C023CB004A1394;
			remoteInfo = "iOS Tests";
		};
/* End PBXContainerItemProxy section */

/* Begin PBXFileReference section */
		18900271155E748A00F160E9 /* friend.png */ = {isa = PBXFileReference; lastKnownFileType = image.png; path = friend.png; sourceTree = "<group>"; };
		18900272155E748A00F160E9 /* invite.png */ = {isa = PBXFileReference; lastKnownFileType = image.png; path = invite.png; sourceTree = "<group>"; };
		18900273155E748A00F160E9 /* twitter.png */ = {isa = PBXFileReference; lastKnownFileType = image.png; path = twitter.png; sourceTree = "<group>"; };
		18900274155E748A00F160E9 /* mail_grey.png */ = {isa = PBXFileReference; lastKnownFileType = image.png; path = mail_grey.png; sourceTree = "<group>"; };
		18900275155E748A00F160E9 /* mail_black.png */ = {isa = PBXFileReference; lastKnownFileType = image.png; path = mail_black.png; sourceTree = "<group>"; };
		18900276155E748A00F160E9 /* facebook.png */ = {isa = PBXFileReference; lastKnownFileType = image.png; path = facebook.png; sourceTree = "<group>"; };
		1890027D155E766A00F160E9 /* back.png */ = {isa = PBXFileReference; lastKnownFileType = image.png; path = back.png; sourceTree = "<group>"; };
		1890027F155E798000F160E9 /* pattern1.jpg */ = {isa = PBXFileReference; lastKnownFileType = image.jpeg; path = pattern1.jpg; sourceTree = "<group>"; };
		1898575B15594EE500F7A0F8 /* jobs_quotes.plist */ = {isa = PBXFileReference; fileEncoding = 4; lastKnownFileType = text.plist.xml; name = jobs_quotes.plist; path = ../jobs_quotes.plist; sourceTree = "<group>"; };
		1898575D15594FA300F7A0F8 /* steve5.png */ = {isa = PBXFileReference; lastKnownFileType = image.png; path = steve5.png; sourceTree = "<group>"; };
		189F91D91555666C00AD0D08 /* ShareViewController.h */ = {isa = PBXFileReference; fileEncoding = 4; lastKnownFileType = sourcecode.c.h; path = ShareViewController.h; sourceTree = "<group>"; };
		189F91DA1555666C00AD0D08 /* ShareViewController.m */ = {isa = PBXFileReference; fileEncoding = 4; lastKnownFileType = sourcecode.c.objc; path = ShareViewController.m; sourceTree = "<group>"; };
		189F91DB1555666C00AD0D08 /* ShareViewController.xib */ = {isa = PBXFileReference; fileEncoding = 4; lastKnownFileType = file.xib; path = ShareViewController.xib; sourceTree = "<group>"; };
		18A04F74155D79A80079F831 /* Twitter.framework */ = {isa = PBXFileReference; lastKnownFileType = wrapper.framework; name = Twitter.framework; path = System/Library/Frameworks/Twitter.framework; sourceTree = SDKROOT; };
		18A2BCA0154FA89B00FEFAF4 /* iChangedWorld.app */ = {isa = PBXFileReference; explicitFileType = wrapper.application; includeInIndex = 0; path = iChangedWorld.app; sourceTree = BUILT_PRODUCTS_DIR; };
		18A2BCA4154FA89B00FEFAF4 /* UIKit.framework */ = {isa = PBXFileReference; lastKnownFileType = wrapper.framework; name = UIKit.framework; path = System/Library/Frameworks/UIKit.framework; sourceTree = SDKROOT; };
		18A2BCA6154FA89B00FEFAF4 /* Foundation.framework */ = {isa = PBXFileReference; lastKnownFileType = wrapper.framework; name = Foundation.framework; path = System/Library/Frameworks/Foundation.framework; sourceTree = SDKROOT; };
		18A2BCA8154FA89B00FEFAF4 /* CoreGraphics.framework */ = {isa = PBXFileReference; lastKnownFileType = wrapper.framework; name = CoreGraphics.framework; path = System/Library/Frameworks/CoreGraphics.framework; sourceTree = SDKROOT; };
		18A2BCAC154FA89B00FEFAF4 /* iquotes-Info.plist */ = {isa = PBXFileReference; lastKnownFileType = text.plist.xml; path = "iquotes-Info.plist"; sourceTree = "<group>"; };
		18A2BCAE154FA89B00FEFAF4 /* en */ = {isa = PBXFileReference; lastKnownFileType = text.plist.strings; name = en; path = en.lproj/InfoPlist.strings; sourceTree = "<group>"; };
		18A2BCB0154FA89B00FEFAF4 /* main.m */ = {isa = PBXFileReference; lastKnownFileType = sourcecode.c.objc; path = main.m; sourceTree = "<group>"; };
		18A2BCB2154FA89B00FEFAF4 /* TestCarouse-Prefix.pch */ = {isa = PBXFileReference; lastKnownFileType = sourcecode.c.h; path = "TestCarouse-Prefix.pch"; sourceTree = "<group>"; };
		18A2BCB3154FA89B00FEFAF4 /* AppDelegate.h */ = {isa = PBXFileReference; lastKnownFileType = sourcecode.c.h; path = AppDelegate.h; sourceTree = "<group>"; };
		18A2BCB4154FA89B00FEFAF4 /* AppDelegate.m */ = {isa = PBXFileReference; lastKnownFileType = sourcecode.c.objc; path = AppDelegate.m; sourceTree = "<group>"; };
		18A2BCB6154FA89B00FEFAF4 /* ViewController.h */ = {isa = PBXFileReference; lastKnownFileType = sourcecode.c.h; path = ViewController.h; sourceTree = "<group>"; };
		18A2BCB7154FA89B00FEFAF4 /* ViewController.m */ = {isa = PBXFileReference; lastKnownFileType = sourcecode.c.objc; path = ViewController.m; sourceTree = "<group>"; };
		18A2BCBA154FA89B00FEFAF4 /* en */ = {isa = PBXFileReference; lastKnownFileType = file.xib; name = en; path = en.lproj/ViewController_iPhone.xib; sourceTree = "<group>"; };
		18A2BCBD154FA89B00FEFAF4 /* en */ = {isa = PBXFileReference; lastKnownFileType = file.xib; name = en; path = en.lproj/ViewController_iPad.xib; sourceTree = "<group>"; };
		18A2BCC4154FA8BE00FEFAF4 /* iCarousel.h */ = {isa = PBXFileReference; fileEncoding = 4; lastKnownFileType = sourcecode.c.h; path = iCarousel.h; sourceTree = "<group>"; };
		18A2BCC5154FA8BE00FEFAF4 /* iCarousel.m */ = {isa = PBXFileReference; fileEncoding = 4; lastKnownFileType = sourcecode.c.objc; path = iCarousel.m; sourceTree = "<group>"; };
		18A2BCC7154FA8DA00FEFAF4 /* QuartzCore.framework */ = {isa = PBXFileReference; lastKnownFileType = wrapper.framework; name = QuartzCore.framework; path = System/Library/Frameworks/QuartzCore.framework; sourceTree = SDKROOT; };
		18A2BCD7154FD23A00FEFAF4 /* bill_gates.png */ = {isa = PBXFileReference; lastKnownFileType = image.png; path = bill_gates.png; sourceTree = "<group>"; };
		18A2BCE615500E7C00FEFAF4 /* QuotesManager.h */ = {isa = PBXFileReference; fileEncoding = 4; lastKnownFileType = sourcecode.c.h; path = QuotesManager.h; sourceTree = "<group>"; };
		18A2BCE715500E7C00FEFAF4 /* QuotesManager.m */ = {isa = PBXFileReference; fileEncoding = 4; lastKnownFileType = sourcecode.c.objc; path = QuotesManager.m; sourceTree = "<group>"; };
		18A2BCE815500E7C00FEFAF4 /* QuoteObject.h */ = {isa = PBXFileReference; fileEncoding = 4; lastKnownFileType = sourcecode.c.h; path = QuoteObject.h; sourceTree = "<group>"; };
		18A2BCE915500E7C00FEFAF4 /* QuoteObject.m */ = {isa = PBXFileReference; fileEncoding = 4; lastKnownFileType = sourcecode.c.objc; path = QuoteObject.m; sourceTree = "<group>"; };
		18A563A61554D8E80069AC14 /* facebook-ios-sdk.xcodeproj */ = {isa = PBXFileReference; lastKnownFileType = "wrapper.pb-project"; name = "facebook-ios-sdk.xcodeproj"; path = "SCFacebook/SCFacebook/ExternalFrameworks/facebook-ios-sdk/src/facebook-ios-sdk.xcodeproj"; sourceTree = "<group>"; };
		18A563AF1554D9180069AC14 /* SCFacebook.h */ = {isa = PBXFileReference; fileEncoding = 4; lastKnownFileType = sourcecode.c.h; path = SCFacebook.h; sourceTree = "<group>"; };
		18A563B01554D9180069AC14 /* SCFacebook.m */ = {isa = PBXFileReference; fileEncoding = 4; lastKnownFileType = sourcecode.c.objc; path = SCFacebook.m; sourceTree = "<group>"; };
		18A56B821567AB2400E6183C /* CategoryViewController.h */ = {isa = PBXFileReference; fileEncoding = 4; lastKnownFileType = sourcecode.c.h; path = CategoryViewController.h; sourceTree = "<group>"; };
		18A56B831567AB2400E6183C /* CategoryViewController.m */ = {isa = PBXFileReference; fileEncoding = 4; lastKnownFileType = sourcecode.c.objc; path = CategoryViewController.m; sourceTree = "<group>"; };
		18A56B851567B91E00E6183C /* jobs_quotes1.plist */ = {isa = PBXFileReference; fileEncoding = 4; lastKnownFileType = text.plist.xml; path = jobs_quotes1.plist; sourceTree = "<group>"; };
		18AFAFB21568AB11001C09A3 /* steve2.jpg */ = {isa = PBXFileReference; lastKnownFileType = image.jpeg; path = steve2.jpg; sourceTree = "<group>"; };
		18AFAFB31568AB11001C09A3 /* steve3.jpg */ = {isa = PBXFileReference; lastKnownFileType = image.jpeg; path = steve3.jpg; sourceTree = "<group>"; };
		18AFAFB41568AB11001C09A3 /* steve4.jpg */ = {isa = PBXFileReference; lastKnownFileType = image.jpeg; path = steve4.jpg; sourceTree = "<group>"; };
		18AFAFB91568AB47001C09A3 /* 7.jpg */ = {isa = PBXFileReference; lastKnownFileType = image.jpeg; path = 7.jpg; sourceTree = "<group>"; };
		18AFAFBA1568AB47001C09A3 /* steve0.jpg */ = {isa = PBXFileReference; lastKnownFileType = image.jpeg; path = steve0.jpg; sourceTree = "<group>"; };
		18AFAFBB1568AB47001C09A3 /* steve1.jpg */ = {isa = PBXFileReference; lastKnownFileType = image.jpeg; path = steve1.jpg; sourceTree = "<group>"; };
		18AFAFBF1568ABAF001C09A3 /* 6.jpg */ = {isa = PBXFileReference; lastKnownFileType = image.jpeg; path = 6.jpg; sourceTree = "<group>"; };
		18AFAFC01568ABAF001C09A3 /* 4.jpg */ = {isa = PBXFileReference; lastKnownFileType = image.jpeg; path = 4.jpg; sourceTree = "<group>"; };
		18AFAFC11568ABAF001C09A3 /* 3.jpg */ = {isa = PBXFileReference; lastKnownFileType = image.jpeg; path = 3.jpg; sourceTree = "<group>"; };
		18AFAFC21568ABAF001C09A3 /* 2.jpg */ = {isa = PBXFileReference; lastKnownFileType = image.jpeg; path = 2.jpg; sourceTree = "<group>"; };
		18C442BD155E7D450023E71D /* wood.jpg */ = {isa = PBXFileReference; lastKnownFileType = image.jpeg; path = wood.jpg; sourceTree = "<group>"; };
		18C442BE155E7D450023E71D /* deer.jpg */ = {isa = PBXFileReference; lastKnownFileType = image.jpeg; path = deer.jpg; sourceTree = "<group>"; };
		18C442BF155E7D450023E71D /* moon_light.jpg */ = {isa = PBXFileReference; lastKnownFileType = image.jpeg; path = moon_light.jpg; sourceTree = "<group>"; };
		18C442C0155E7D450023E71D /* blue_rays.jpg */ = {isa = PBXFileReference; lastKnownFileType = image.jpeg; path = blue_rays.jpg; sourceTree = "<group>"; };
		18C442DC155EA82B0023E71D /* 1.jpg */ = {isa = PBXFileReference; lastKnownFileType = image.jpeg; path = 1.jpg; sourceTree = "<group>"; };
		18C442DE155EA8390023E71D /* 28.jpg */ = {isa = PBXFileReference; lastKnownFileType = image.jpeg; path = 28.jpg; sourceTree = "<group>"; };
		18C442E0155EA8550023E71D /* 71.jpg */ = {isa = PBXFileReference; lastKnownFileType = image.jpeg; path = 71.jpg; sourceTree = "<group>"; };
		18C44328155F71B60023E71D /* AFHTTPClient.h */ = {isa = PBXFileReference; fileEncoding = 4; lastKnownFileType = sourcecode.c.h; path = AFHTTPClient.h; sourceTree = "<group>"; };
		18C44329155F71B60023E71D /* AFHTTPClient.m */ = {isa = PBXFileReference; fileEncoding = 4; lastKnownFileType = sourcecode.c.objc; path = AFHTTPClient.m; sourceTree = "<group>"; };
		18C4432A155F71B60023E71D /* AFHTTPRequestOperation.h */ = {isa = PBXFileReference; fileEncoding = 4; lastKnownFileType = sourcecode.c.h; path = AFHTTPRequestOperation.h; sourceTree = "<group>"; };
		18C4432B155F71B60023E71D /* AFHTTPRequestOperation.m */ = {isa = PBXFileReference; fileEncoding = 4; lastKnownFileType = sourcecode.c.objc; path = AFHTTPRequestOperation.m; sourceTree = "<group>"; };
		18C4432C155F71B60023E71D /* AFImageRequestOperation.h */ = {isa = PBXFileReference; fileEncoding = 4; lastKnownFileType = sourcecode.c.h; path = AFImageRequestOperation.h; sourceTree = "<group>"; };
		18C4432D155F71B60023E71D /* AFImageRequestOperation.m */ = {isa = PBXFileReference; fileEncoding = 4; lastKnownFileType = sourcecode.c.objc; path = AFImageRequestOperation.m; sourceTree = "<group>"; };
		18C4432E155F71B60023E71D /* AFJSONRequestOperation.h */ = {isa = PBXFileReference; fileEncoding = 4; lastKnownFileType = sourcecode.c.h; path = AFJSONRequestOperation.h; sourceTree = "<group>"; };
		18C4432F155F71B60023E71D /* AFJSONRequestOperation.m */ = {isa = PBXFileReference; fileEncoding = 4; lastKnownFileType = sourcecode.c.objc; path = AFJSONRequestOperation.m; sourceTree = "<group>"; };
		18C44330155F71B60023E71D /* AFJSONUtilities.h */ = {isa = PBXFileReference; fileEncoding = 4; lastKnownFileType = sourcecode.c.h; path = AFJSONUtilities.h; sourceTree = "<group>"; };
		18C44331155F71B60023E71D /* AFJSONUtilities.m */ = {isa = PBXFileReference; fileEncoding = 4; lastKnownFileType = sourcecode.c.objc; path = AFJSONUtilities.m; sourceTree = "<group>"; };
		18C44332155F71B60023E71D /* AFNetworkActivityIndicatorManager.h */ = {isa = PBXFileReference; fileEncoding = 4; lastKnownFileType = sourcecode.c.h; path = AFNetworkActivityIndicatorManager.h; sourceTree = "<group>"; };
		18C44333155F71B60023E71D /* AFNetworkActivityIndicatorManager.m */ = {isa = PBXFileReference; fileEncoding = 4; lastKnownFileType = sourcecode.c.objc; path = AFNetworkActivityIndicatorManager.m; sourceTree = "<group>"; };
		18C44334155F71B60023E71D /* AFNetworking.h */ = {isa = PBXFileReference; fileEncoding = 4; lastKnownFileType = sourcecode.c.h; path = AFNetworking.h; sourceTree = "<group>"; };
		18C44335155F71B60023E71D /* AFPropertyListRequestOperation.h */ = {isa = PBXFileReference; fileEncoding = 4; lastKnownFileType = sourcecode.c.h; path = AFPropertyListRequestOperation.h; sourceTree = "<group>"; };
		18C44336155F71B60023E71D /* AFPropertyListRequestOperation.m */ = {isa = PBXFileReference; fileEncoding = 4; lastKnownFileType = sourcecode.c.objc; path = AFPropertyListRequestOperation.m; sourceTree = "<group>"; };
		18C44337155F71B60023E71D /* AFURLConnectionOperation.h */ = {isa = PBXFileReference; fileEncoding = 4; lastKnownFileType = sourcecode.c.h; path = AFURLConnectionOperation.h; sourceTree = "<group>"; };
		18C44338155F71B60023E71D /* AFURLConnectionOperation.m */ = {isa = PBXFileReference; fileEncoding = 4; lastKnownFileType = sourcecode.c.objc; path = AFURLConnectionOperation.m; sourceTree = "<group>"; };
		18C44339155F71B60023E71D /* AFXMLRequestOperation.h */ = {isa = PBXFileReference; fileEncoding = 4; lastKnownFileType = sourcecode.c.h; path = AFXMLRequestOperation.h; sourceTree = "<group>"; };
		18C4433A155F71B60023E71D /* AFXMLRequestOperation.m */ = {isa = PBXFileReference; fileEncoding = 4; lastKnownFileType = sourcecode.c.objc; path = AFXMLRequestOperation.m; sourceTree = "<group>"; };
		18C4433B155F71B60023E71D /* UIImageView+AFNetworking.h */ = {isa = PBXFileReference; fileEncoding = 4; lastKnownFileType = sourcecode.c.h; path = "UIImageView+AFNetworking.h"; sourceTree = "<group>"; };
		18C4433C155F71B60023E71D /* UIImageView+AFNetworking.m */ = {isa = PBXFileReference; fileEncoding = 4; lastKnownFileType = sourcecode.c.objc; path = "UIImageView+AFNetworking.m"; sourceTree = "<group>"; };
		18C4434E155F794A0023E71D /* README */ = {isa = PBXFileReference; fileEncoding = 4; lastKnownFileType = text; path = README; sourceTree = "<group>"; };
		18C44350155FB58C0023E71D /* john.jpg */ = {isa = PBXFileReference; lastKnownFileType = image.jpeg; path = john.jpg; sourceTree = "<group>"; };
		18C44352155FB67E0023E71D /* 5.jpg */ = {isa = PBXFileReference; lastKnownFileType = image.jpeg; path = 5.jpg; sourceTree = "<group>"; };
		18C44354155FB6D60023E71D /* 3.jpeg */ = {isa = PBXFileReference; lastKnownFileType = image.jpeg; path = 3.jpeg; sourceTree = "<group>"; };
		18C44356155FB70A0023E71D /* 113.png */ = {isa = PBXFileReference; lastKnownFileType = image.png; path = 113.png; sourceTree = "<group>"; };
		18C44358155FB72A0023E71D /* 8.jpeg */ = {isa = PBXFileReference; lastKnownFileType = image.jpeg; path = 8.jpeg; sourceTree = "<group>"; };
		18C4435A155FB7390023E71D /* 0.jpg */ = {isa = PBXFileReference; lastKnownFileType = image.jpeg; path = 0.jpg; sourceTree = "<group>"; };
		18C4435C155FB7480023E71D /* 38.jpg */ = {isa = PBXFileReference; lastKnownFileType = image.jpeg; path = 38.jpg; sourceTree = "<group>"; };
		18C4435E155FB7650023E71D /* 5.jpeg */ = {isa = PBXFileReference; lastKnownFileType = image.jpeg; path = 5.jpeg; sourceTree = "<group>"; };
		18C44360155FB7710023E71D /* 60.jpg */ = {isa = PBXFileReference; lastKnownFileType = image.jpeg; path = 60.jpg; sourceTree = "<group>"; };
		18C44363155FE7A20023E71D /* AwesomeMenu.h */ = {isa = PBXFileReference; fileEncoding = 4; lastKnownFileType = sourcecode.c.h; path = AwesomeMenu.h; sourceTree = "<group>"; };
		18C44364155FE7A20023E71D /* AwesomeMenu.m */ = {isa = PBXFileReference; fileEncoding = 4; lastKnownFileType = sourcecode.c.objc; path = AwesomeMenu.m; sourceTree = "<group>"; };
		18C44365155FE7A20023E71D /* AwesomeMenuItem.h */ = {isa = PBXFileReference; fileEncoding = 4; lastKnownFileType = sourcecode.c.h; path = AwesomeMenuItem.h; sourceTree = "<group>"; };
		18C44366155FE7A20023E71D /* AwesomeMenuItem.m */ = {isa = PBXFileReference; fileEncoding = 4; lastKnownFileType = sourcecode.c.objc; path = AwesomeMenuItem.m; sourceTree = "<group>"; };
		18C4438A155FED170023E71D /* fb_invite.png */ = {isa = PBXFileReference; lastKnownFileType = image.png; path = fb_invite.png; sourceTree = "<group>"; };
		18C4438B155FED170023E71D /* email.png */ = {isa = PBXFileReference; lastKnownFileType = image.png; path = email.png; sourceTree = "<group>"; };
		18C4438C155FED170023E71D /* tw.png */ = {isa = PBXFileReference; lastKnownFileType = image.png; path = tw.png; sourceTree = "<group>"; };
		18C4438D155FED180023E71D /* fb.png */ = {isa = PBXFileReference; lastKnownFileType = image.png; path = fb.png; sourceTree = "<group>"; };
		18EF224D1554127F000315D6 /* QuoteView.h */ = {isa = PBXFileReference; fileEncoding = 4; lastKnownFileType = sourcecode.c.h; path = QuoteView.h; sourceTree = "<group>"; };
		18EF224E1554127F000315D6 /* QuoteView.m */ = {isa = PBXFileReference; fileEncoding = 4; lastKnownFileType = sourcecode.c.objc; path = QuoteView.m; sourceTree = "<group>"; };
		18EF22771554C4B4000315D6 /* BlocksKit.xcodeproj */ = {isa = PBXFileReference; lastKnownFileType = "wrapper.pb-project"; name = BlocksKit.xcodeproj; path = BlocksKit/BlocksKit.xcodeproj; sourceTree = SOURCE_ROOT; };
		18EF228F1554C611000315D6 /* MessageUI.framework */ = {isa = PBXFileReference; lastKnownFileType = wrapper.framework; name = MessageUI.framework; path = System/Library/Frameworks/MessageUI.framework; sourceTree = SDKROOT; };
/* End PBXFileReference section */

/* Begin PBXFrameworksBuildPhase section */
		18A2BC9D154FA89B00FEFAF4 /* Frameworks */ = {
			isa = PBXFrameworksBuildPhase;
			buildActionMask = 2147483647;
			files = (
				18A04F75155D79A80079F831 /* Twitter.framework in Frameworks */,
				18A563B21554D9520069AC14 /* libfacebook_ios_sdk.a in Frameworks */,
				18EF22901554C611000315D6 /* MessageUI.framework in Frameworks */,
				18EF228E1554C4F8000315D6 /* libBlocksKit.a in Frameworks */,
				18A2BCC8154FA8DA00FEFAF4 /* QuartzCore.framework in Frameworks */,
				18A2BCA5154FA89B00FEFAF4 /* UIKit.framework in Frameworks */,
				18A2BCA7154FA89B00FEFAF4 /* Foundation.framework in Frameworks */,
				18A2BCA9154FA89B00FEFAF4 /* CoreGraphics.framework in Frameworks */,
			);
			runOnlyForDeploymentPostprocessing = 0;
		};
/* End PBXFrameworksBuildPhase section */

/* Begin PBXGroup section */
		18A04F72155D68280079F831 /* Social */ = {
			isa = PBXGroup;
			children = (
				18A563AF1554D9180069AC14 /* SCFacebook.h */,
				18A563B01554D9180069AC14 /* SCFacebook.m */,
			);
			name = Social;
			sourceTree = "<group>";
		};
		18A04F73155D685D0079F831 /* ViewControllers */ = {
			isa = PBXGroup;
			children = (
				189F91D91555666C00AD0D08 /* ShareViewController.h */,
				189F91DA1555666C00AD0D08 /* ShareViewController.m */,
				189F91DB1555666C00AD0D08 /* ShareViewController.xib */,
				18A2BCB6154FA89B00FEFAF4 /* ViewController.h */,
				18A2BCB7154FA89B00FEFAF4 /* ViewController.m */,
				18A2BCB9154FA89B00FEFAF4 /* ViewController_iPhone.xib */,
				18A2BCBC154FA89B00FEFAF4 /* ViewController_iPad.xib */,
				18A56B821567AB2400E6183C /* CategoryViewController.h */,
				18A56B831567AB2400E6183C /* CategoryViewController.m */,
			);
			name = ViewControllers;
			sourceTree = "<group>";
		};
		18A2BC95154FA89B00FEFAF4 = {
			isa = PBXGroup;
			children = (
				18C44362155FE7A10023E71D /* AwesomeMenu */,
				18C4434E155F794A0023E71D /* README */,
				18A2BCAA154FA89B00FEFAF4 /* TestCarouse */,
				18A2BCA3154FA89B00FEFAF4 /* Frameworks */,
				18A2BCA1154FA89B00FEFAF4 /* Products */,
			);
			sourceTree = "<group>";
		};
		18A2BCA1154FA89B00FEFAF4 /* Products */ = {
			isa = PBXGroup;
			children = (
				18A2BCA0154FA89B00FEFAF4 /* iChangedWorld.app */,
			);
			name = Products;
			sourceTree = "<group>";
		};
		18A2BCA3154FA89B00FEFAF4 /* Frameworks */ = {
			isa = PBXGroup;
			children = (
				18A04F74155D79A80079F831 /* Twitter.framework */,
				18A563A61554D8E80069AC14 /* facebook-ios-sdk.xcodeproj */,
				18EF22771554C4B4000315D6 /* BlocksKit.xcodeproj */,
				18EF228F1554C611000315D6 /* MessageUI.framework */,
				18A2BCC7154FA8DA00FEFAF4 /* QuartzCore.framework */,
				18A2BCA4154FA89B00FEFAF4 /* UIKit.framework */,
				18A2BCA6154FA89B00FEFAF4 /* Foundation.framework */,
				18A2BCA8154FA89B00FEFAF4 /* CoreGraphics.framework */,
			);
			name = Frameworks;
			sourceTree = "<group>";
		};
		18A2BCAA154FA89B00FEFAF4 /* TestCarouse */ = {
			isa = PBXGroup;
			children = (
				18C44327155F71B60023E71D /* AFNetworking */,
				18A04F72155D68280079F831 /* Social */,
				18A2BCEF15500EDA00FEFAF4 /* Model */,
				18A2BCF015500EF300FEFAF4 /* View */,
				18A2BCB3154FA89B00FEFAF4 /* AppDelegate.h */,
				18A2BCB4154FA89B00FEFAF4 /* AppDelegate.m */,
				18A2BCAB154FA89B00FEFAF4 /* Supporting Files */,
			);
			path = TestCarouse;
			sourceTree = "<group>";
		};
		18A2BCAB154FA89B00FEFAF4 /* Supporting Files */ = {
			isa = PBXGroup;
			children = (
				18C4438A155FED170023E71D /* fb_invite.png */,
				18C4438B155FED170023E71D /* email.png */,
				18C4438C155FED170023E71D /* tw.png */,
				18C4438D155FED180023E71D /* fb.png */,
				18A56B871567C06A00E6183C /* background_story */,
				1890027F155E798000F160E9 /* pattern1.jpg */,
				1890027D155E766A00F160E9 /* back.png */,
				18900271155E748A00F160E9 /* friend.png */,
				18900272155E748A00F160E9 /* invite.png */,
				18900273155E748A00F160E9 /* twitter.png */,
				18900274155E748A00F160E9 /* mail_grey.png */,
				18900275155E748A00F160E9 /* mail_black.png */,
				18900276155E748A00F160E9 /* facebook.png */,
				1898575B15594EE500F7A0F8 /* jobs_quotes.plist */,
				18A56B851567B91E00E6183C /* jobs_quotes1.plist */,
				18AFAFB81568AB28001C09A3 /* Jobs */,
				18A2BCAC154FA89B00FEFAF4 /* iquotes-Info.plist */,
				18A2BCAD154FA89B00FEFAF4 /* InfoPlist.strings */,
				18A2BCB0154FA89B00FEFAF4 /* main.m */,
				18A2BCB2154FA89B00FEFAF4 /* TestCarouse-Prefix.pch */,
			);
			name = "Supporting Files";
			sourceTree = "<group>";
		};
		18A2BCEF15500EDA00FEFAF4 /* Model */ = {
			isa = PBXGroup;
			children = (
				18A2BCE615500E7C00FEFAF4 /* QuotesManager.h */,
				18A2BCE715500E7C00FEFAF4 /* QuotesManager.m */,
				18A2BCE815500E7C00FEFAF4 /* QuoteObject.h */,
				18A2BCE915500E7C00FEFAF4 /* QuoteObject.m */,
			);
			name = Model;
			sourceTree = "<group>";
		};
		18A2BCF015500EF300FEFAF4 /* View */ = {
			isa = PBXGroup;
			children = (
				18A2BCC4154FA8BE00FEFAF4 /* iCarousel.h */,
				18A2BCC5154FA8BE00FEFAF4 /* iCarousel.m */,
				18EF224D1554127F000315D6 /* QuoteView.h */,
				18EF224E1554127F000315D6 /* QuoteView.m */,
				18A04F73155D685D0079F831 /* ViewControllers */,
			);
			name = View;
			sourceTree = "<group>";
		};
		18A563A71554D8E80069AC14 /* Products */ = {
			isa = PBXGroup;
			children = (
				18A563AE1554D8E80069AC14 /* libfacebook_ios_sdk.a */,
			);
			name = Products;
			sourceTree = "<group>";
		};
		18A56B871567C06A00E6183C /* background_story */ = {
			isa = PBXGroup;
			children = (
				18A2BCD7154FD23A00FEFAF4 /* bill_gates.png */,
				18C44360155FB7710023E71D /* 60.jpg */,
				18C4435C155FB7480023E71D /* 38.jpg */,
				18C4435A155FB7390023E71D /* 0.jpg */,
				18C44356155FB70A0023E71D /* 113.png */,
				18C44358155FB72A0023E71D /* 8.jpeg */,
				18C44354155FB6D60023E71D /* 3.jpeg */,
				18C4435E155FB7650023E71D /* 5.jpeg */,
				18C44350155FB58C0023E71D /* john.jpg */,
				18C442DE155EA8390023E71D /* 28.jpg */,
				18C442E0155EA8550023E71D /* 71.jpg */,
				18C442BD155E7D450023E71D /* wood.jpg */,
				18C442BE155E7D450023E71D /* deer.jpg */,
				18C442BF155E7D450023E71D /* moon_light.jpg */,
				18C442C0155E7D450023E71D /* blue_rays.jpg */,
			);
			name = background_story;
			sourceTree = "<group>";
		};
		18AFAFB81568AB28001C09A3 /* Jobs */ = {
			isa = PBXGroup;
			children = (
				18C44352155FB67E0023E71D /* 5.jpg */,
				18C442DC155EA82B0023E71D /* 1.jpg */,
				18AFAFBF1568ABAF001C09A3 /* 6.jpg */,
				18AFAFC01568ABAF001C09A3 /* 4.jpg */,
				18AFAFC11568ABAF001C09A3 /* 3.jpg */,
				18AFAFC21568ABAF001C09A3 /* 2.jpg */,
				18AFAFB91568AB47001C09A3 /* 7.jpg */,
				18AFAFBA1568AB47001C09A3 /* steve0.jpg */,
				18AFAFBB1568AB47001C09A3 /* steve1.jpg */,
				18AFAFB21568AB11001C09A3 /* steve2.jpg */,
				18AFAFB31568AB11001C09A3 /* steve3.jpg */,
				18AFAFB41568AB11001C09A3 /* steve4.jpg */,
				1898575D15594FA300F7A0F8 /* steve5.png */,
			);
			name = Jobs;
			sourceTree = "<group>";
		};
		18C44327155F71B60023E71D /* AFNetworking */ = {
			isa = PBXGroup;
			children = (
				18C44328155F71B60023E71D /* AFHTTPClient.h */,
				18C44329155F71B60023E71D /* AFHTTPClient.m */,
				18C4432A155F71B60023E71D /* AFHTTPRequestOperation.h */,
				18C4432B155F71B60023E71D /* AFHTTPRequestOperation.m */,
				18C4432C155F71B60023E71D /* AFImageRequestOperation.h */,
				18C4432D155F71B60023E71D /* AFImageRequestOperation.m */,
				18C4432E155F71B60023E71D /* AFJSONRequestOperation.h */,
				18C4432F155F71B60023E71D /* AFJSONRequestOperation.m */,
				18C44330155F71B60023E71D /* AFJSONUtilities.h */,
				18C44331155F71B60023E71D /* AFJSONUtilities.m */,
				18C44332155F71B60023E71D /* AFNetworkActivityIndicatorManager.h */,
				18C44333155F71B60023E71D /* AFNetworkActivityIndicatorManager.m */,
				18C44334155F71B60023E71D /* AFNetworking.h */,
				18C44335155F71B60023E71D /* AFPropertyListRequestOperation.h */,
				18C44336155F71B60023E71D /* AFPropertyListRequestOperation.m */,
				18C44337155F71B60023E71D /* AFURLConnectionOperation.h */,
				18C44338155F71B60023E71D /* AFURLConnectionOperation.m */,
				18C44339155F71B60023E71D /* AFXMLRequestOperation.h */,
				18C4433A155F71B60023E71D /* AFXMLRequestOperation.m */,
				18C4433B155F71B60023E71D /* UIImageView+AFNetworking.h */,
				18C4433C155F71B60023E71D /* UIImageView+AFNetworking.m */,
			);
			path = AFNetworking;
			sourceTree = "<group>";
		};
		18C44362155FE7A10023E71D /* AwesomeMenu */ = {
			isa = PBXGroup;
			children = (
				18C44363155FE7A20023E71D /* AwesomeMenu.h */,
				18C44364155FE7A20023E71D /* AwesomeMenu.m */,
				18C44365155FE7A20023E71D /* AwesomeMenuItem.h */,
				18C44366155FE7A20023E71D /* AwesomeMenuItem.m */,
			);
			name = AwesomeMenu;
			path = AwesomeMenu/AwesomeMenu/AwesomeMenu;
			sourceTree = "<group>";
		};
		18EF22781554C4B4000315D6 /* Products */ = {
			isa = PBXGroup;
			children = (
				18EF22851554C4B4000315D6 /* libBlocksKit.a */,
				18EF22871554C4B4000315D6 /* BlocksKit.framework */,
				18EF22891554C4B4000315D6 /* BlocksKit.dylib */,
				18EF228B1554C4B4000315D6 /* BlocksKit_Chameleon.dylib */,
				18EF228D1554C4B4000315D6 /* iOS Tests.app */,
			);
			name = Products;
			sourceTree = "<group>";
		};
/* End PBXGroup section */

/* Begin PBXNativeTarget section */
		18A2BC9F154FA89B00FEFAF4 /* iChangedWorld */ = {
			isa = PBXNativeTarget;
			buildConfigurationList = 18A2BCC1154FA89B00FEFAF4 /* Build configuration list for PBXNativeTarget "iChangedWorld" */;
			buildPhases = (
				18A2BC9C154FA89B00FEFAF4 /* Sources */,
				18A2BC9D154FA89B00FEFAF4 /* Frameworks */,
				18A2BC9E154FA89B00FEFAF4 /* Resources */,
			);
			buildRules = (
			);
			dependencies = (
			);
			name = iChangedWorld;
			productName = TestCarouse;
			productReference = 18A2BCA0154FA89B00FEFAF4 /* iChangedWorld.app */;
			productType = "com.apple.product-type.application";
		};
/* End PBXNativeTarget section */

/* Begin PBXProject section */
		18A2BC97154FA89B00FEFAF4 /* Project object */ = {
			isa = PBXProject;
			attributes = {
				LastUpgradeCheck = 0420;
			};
			buildConfigurationList = 18A2BC9A154FA89B00FEFAF4 /* Build configuration list for PBXProject "iquotes" */;
			compatibilityVersion = "Xcode 3.2";
			developmentRegion = English;
			hasScannedForEncodings = 0;
			knownRegions = (
				en,
			);
			mainGroup = 18A2BC95154FA89B00FEFAF4;
			productRefGroup = 18A2BCA1154FA89B00FEFAF4 /* Products */;
			projectDirPath = "";
			projectReferences = (
				{
					ProductGroup = 18EF22781554C4B4000315D6 /* Products */;
					ProjectRef = 18EF22771554C4B4000315D6 /* BlocksKit.xcodeproj */;
				},
				{
					ProductGroup = 18A563A71554D8E80069AC14 /* Products */;
					ProjectRef = 18A563A61554D8E80069AC14 /* facebook-ios-sdk.xcodeproj */;
				},
			);
			projectRoot = "";
			targets = (
				18A2BC9F154FA89B00FEFAF4 /* iChangedWorld */,
			);
		};
/* End PBXProject section */

/* Begin PBXReferenceProxy section */
		18A563AE1554D8E80069AC14 /* libfacebook_ios_sdk.a */ = {
			isa = PBXReferenceProxy;
			fileType = archive.ar;
			path = libfacebook_ios_sdk.a;
			remoteRef = 18A563AD1554D8E80069AC14 /* PBXContainerItemProxy */;
			sourceTree = BUILT_PRODUCTS_DIR;
		};
		18EF22851554C4B4000315D6 /* libBlocksKit.a */ = {
			isa = PBXReferenceProxy;
			fileType = archive.ar;
			path = libBlocksKit.a;
			remoteRef = 18EF22841554C4B4000315D6 /* PBXContainerItemProxy */;
			sourceTree = BUILT_PRODUCTS_DIR;
		};
		18EF22871554C4B4000315D6 /* BlocksKit.framework */ = {
			isa = PBXReferenceProxy;
			fileType = wrapper.framework;
			path = BlocksKit.framework;
			remoteRef = 18EF22861554C4B4000315D6 /* PBXContainerItemProxy */;
			sourceTree = BUILT_PRODUCTS_DIR;
		};
		18EF22891554C4B4000315D6 /* BlocksKit.dylib */ = {
			isa = PBXReferenceProxy;
			fileType = "compiled.mach-o.dylib";
			path = BlocksKit.dylib;
			remoteRef = 18EF22881554C4B4000315D6 /* PBXContainerItemProxy */;
			sourceTree = BUILT_PRODUCTS_DIR;
		};
		18EF228B1554C4B4000315D6 /* BlocksKit_Chameleon.dylib */ = {
			isa = PBXReferenceProxy;
			fileType = "compiled.mach-o.dylib";
			path = BlocksKit_Chameleon.dylib;
			remoteRef = 18EF228A1554C4B4000315D6 /* PBXContainerItemProxy */;
			sourceTree = BUILT_PRODUCTS_DIR;
		};
		18EF228D1554C4B4000315D6 /* iOS Tests.app */ = {
			isa = PBXReferenceProxy;
			fileType = wrapper.application;
			path = "iOS Tests.app";
			remoteRef = 18EF228C1554C4B4000315D6 /* PBXContainerItemProxy */;
			sourceTree = BUILT_PRODUCTS_DIR;
		};
/* End PBXReferenceProxy section */

/* Begin PBXResourcesBuildPhase section */
		18A2BC9E154FA89B00FEFAF4 /* Resources */ = {
			isa = PBXResourcesBuildPhase;
			buildActionMask = 2147483647;
			files = (
				18A2BCAF154FA89B00FEFAF4 /* InfoPlist.strings in Resources */,
				18A2BCBB154FA89B00FEFAF4 /* ViewController_iPhone.xib in Resources */,
				18A2BCBE154FA89B00FEFAF4 /* ViewController_iPad.xib in Resources */,
				18A2BCD8154FD23A00FEFAF4 /* bill_gates.png in Resources */,
				189F91DD1555666C00AD0D08 /* ShareViewController.xib in Resources */,
				1898575C15594EE500F7A0F8 /* jobs_quotes.plist in Resources */,
				1898575E15594FA300F7A0F8 /* steve5.png in Resources */,
				18900277155E748A00F160E9 /* friend.png in Resources */,
				18900278155E748A00F160E9 /* invite.png in Resources */,
				18900279155E748A00F160E9 /* twitter.png in Resources */,
				1890027A155E748A00F160E9 /* mail_grey.png in Resources */,
				1890027B155E748A00F160E9 /* mail_black.png in Resources */,
				1890027C155E748A00F160E9 /* facebook.png in Resources */,
				1890027E155E766A00F160E9 /* back.png in Resources */,
				18900280155E798000F160E9 /* pattern1.jpg in Resources */,
				18C442C2155E7D450023E71D /* wood.jpg in Resources */,
				18C442C3155E7D450023E71D /* deer.jpg in Resources */,
				18C442C4155E7D450023E71D /* moon_light.jpg in Resources */,
				18C442C5155E7D450023E71D /* blue_rays.jpg in Resources */,
				18C442DD155EA82B0023E71D /* 1.jpg in Resources */,
				18C442DF155EA8390023E71D /* 28.jpg in Resources */,
				18C442E1155EA8550023E71D /* 71.jpg in Resources */,
				18C4434F155F794A0023E71D /* README in Resources */,
				18C44351155FB58C0023E71D /* john.jpg in Resources */,
				18C44353155FB67E0023E71D /* 5.jpg in Resources */,
				18C44355155FB6D60023E71D /* 3.jpeg in Resources */,
				18C44357155FB70A0023E71D /* 113.png in Resources */,
				18C44359155FB72A0023E71D /* 8.jpeg in Resources */,
				18C4435B155FB7390023E71D /* 0.jpg in Resources */,
				18C4435D155FB7490023E71D /* 38.jpg in Resources */,
				18C4435F155FB7650023E71D /* 5.jpeg in Resources */,
				18C44361155FB7710023E71D /* 60.jpg in Resources */,
				18C4438E155FED180023E71D /* fb_invite.png in Resources */,
				18C4438F155FED180023E71D /* email.png in Resources */,
				18C44390155FED180023E71D /* tw.png in Resources */,
				18C44391155FED180023E71D /* fb.png in Resources */,
				18A56B861567B91E00E6183C /* jobs_quotes1.plist in Resources */,
				18AFAFB51568AB11001C09A3 /* steve2.jpg in Resources */,
				18AFAFB61568AB11001C09A3 /* steve3.jpg in Resources */,
				18AFAFB71568AB11001C09A3 /* steve4.jpg in Resources */,
				18AFAFBC1568AB47001C09A3 /* 7.jpg in Resources */,
				18AFAFBD1568AB47001C09A3 /* steve0.jpg in Resources */,
				18AFAFBE1568AB47001C09A3 /* steve1.jpg in Resources */,
				18AFAFC31568ABAF001C09A3 /* 6.jpg in Resources */,
				18AFAFC41568ABAF001C09A3 /* 4.jpg in Resources */,
				18AFAFC51568ABAF001C09A3 /* 3.jpg in Resources */,
				18AFAFC61568ABAF001C09A3 /* 2.jpg in Resources */,
			);
			runOnlyForDeploymentPostprocessing = 0;
		};
/* End PBXResourcesBuildPhase section */

/* Begin PBXSourcesBuildPhase section */
		18A2BC9C154FA89B00FEFAF4 /* Sources */ = {
			isa = PBXSourcesBuildPhase;
			buildActionMask = 2147483647;
			files = (
				18A2BCB1154FA89B00FEFAF4 /* main.m in Sources */,
				18A2BCB5154FA89B00FEFAF4 /* AppDelegate.m in Sources */,
				18A2BCB8154FA89B00FEFAF4 /* ViewController.m in Sources */,
				18A2BCC6154FA8BE00FEFAF4 /* iCarousel.m in Sources */,
				18A2BCEA15500E7C00FEFAF4 /* QuotesManager.m in Sources */,
				18A2BCEB15500E7C00FEFAF4 /* QuoteObject.m in Sources */,
				18EF224F1554127F000315D6 /* QuoteView.m in Sources */,
				18A563B11554D9180069AC14 /* SCFacebook.m in Sources */,
				189F91DC1555666C00AD0D08 /* ShareViewController.m in Sources */,
				18C4433D155F71B60023E71D /* AFHTTPClient.m in Sources */,
				18C4433E155F71B60023E71D /* AFHTTPRequestOperation.m in Sources */,
				18C4433F155F71B60023E71D /* AFImageRequestOperation.m in Sources */,
				18C44340155F71B60023E71D /* AFJSONRequestOperation.m in Sources */,
				18C44341155F71B60023E71D /* AFJSONUtilities.m in Sources */,
				18C44342155F71B60023E71D /* AFNetworkActivityIndicatorManager.m in Sources */,
				18C44343155F71B60023E71D /* AFPropertyListRequestOperation.m in Sources */,
				18C44344155F71B60023E71D /* AFURLConnectionOperation.m in Sources */,
				18C44345155F71B60023E71D /* AFXMLRequestOperation.m in Sources */,
				18C44346155F71B60023E71D /* UIImageView+AFNetworking.m in Sources */,
				18C44367155FE7A20023E71D /* AwesomeMenu.m in Sources */,
				18C44368155FE7A20023E71D /* AwesomeMenuItem.m in Sources */,
				18A56B841567AB2400E6183C /* CategoryViewController.m in Sources */,
			);
			runOnlyForDeploymentPostprocessing = 0;
		};
/* End PBXSourcesBuildPhase section */

/* Begin PBXVariantGroup section */
		18A2BCAD154FA89B00FEFAF4 /* InfoPlist.strings */ = {
			isa = PBXVariantGroup;
			children = (
				18A2BCAE154FA89B00FEFAF4 /* en */,
			);
			name = InfoPlist.strings;
			sourceTree = "<group>";
		};
		18A2BCB9154FA89B00FEFAF4 /* ViewController_iPhone.xib */ = {
			isa = PBXVariantGroup;
			children = (
				18A2BCBA154FA89B00FEFAF4 /* en */,
			);
			name = ViewController_iPhone.xib;
			sourceTree = "<group>";
		};
		18A2BCBC154FA89B00FEFAF4 /* ViewController_iPad.xib */ = {
			isa = PBXVariantGroup;
			children = (
				18A2BCBD154FA89B00FEFAF4 /* en */,
			);
			name = ViewController_iPad.xib;
			sourceTree = "<group>";
		};
/* End PBXVariantGroup section */

/* Begin XCBuildConfiguration section */
		18A2BCBF154FA89B00FEFAF4 /* Debug */ = {
			isa = XCBuildConfiguration;
			buildSettings = {
				ALWAYS_SEARCH_USER_PATHS = NO;
				ARCHS = "$(ARCHS_STANDARD_32_BIT)";
				CLANG_ENABLE_OBJC_ARC = YES;
				"CODE_SIGN_IDENTITY[sdk=iphoneos*]" = "iPhone Developer";
				COPY_PHASE_STRIP = NO;
				GCC_C_LANGUAGE_STANDARD = gnu99;
				GCC_DYNAMIC_NO_PIC = NO;
				GCC_OPTIMIZATION_LEVEL = 0;
				GCC_PREPROCESSOR_DEFINITIONS = (
					"DEBUG=1",
					"$(inherited)",
				);
				GCC_SYMBOLS_PRIVATE_EXTERN = NO;
				GCC_VERSION = com.apple.compilers.llvm.clang.1_0;
				GCC_WARN_ABOUT_MISSING_PROTOTYPES = YES;
				GCC_WARN_ABOUT_RETURN_TYPE = YES;
				GCC_WARN_UNUSED_VARIABLE = YES;
				IPHONEOS_DEPLOYMENT_TARGET = 5.0;
				SDKROOT = iphoneos;
				TARGETED_DEVICE_FAMILY = "1,2";
			};
			name = Debug;
		};
		18A2BCC0154FA89B00FEFAF4 /* Release */ = {
			isa = XCBuildConfiguration;
			buildSettings = {
				ALWAYS_SEARCH_USER_PATHS = NO;
				ARCHS = "$(ARCHS_STANDARD_32_BIT)";
				CLANG_ENABLE_OBJC_ARC = YES;
				"CODE_SIGN_IDENTITY[sdk=iphoneos*]" = "iPhone Developer";
				COPY_PHASE_STRIP = YES;
				GCC_C_LANGUAGE_STANDARD = gnu99;
				GCC_VERSION = com.apple.compilers.llvm.clang.1_0;
				GCC_WARN_ABOUT_MISSING_PROTOTYPES = YES;
				GCC_WARN_ABOUT_RETURN_TYPE = YES;
				GCC_WARN_UNUSED_VARIABLE = YES;
				IPHONEOS_DEPLOYMENT_TARGET = 5.0;
				OTHER_CFLAGS = "-DNS_BLOCK_ASSERTIONS=1";
				SDKROOT = iphoneos;
				TARGETED_DEVICE_FAMILY = "1,2";
				VALIDATE_PRODUCT = YES;
			};
			name = Release;
		};
		18A2BCC2154FA89B00FEFAF4 /* Debug */ = {
			isa = XCBuildConfiguration;
			buildSettings = {
				CODE_SIGN_IDENTITY = "iPhone Developer: Shi Lin (NER6K732V4)";
				"CODE_SIGN_IDENTITY[sdk=iphoneos*]" = "iPhone Developer: Shi Lin (NER6K732V4)";
				GCC_PRECOMPILE_PREFIX_HEADER = YES;
				GCC_PREFIX_HEADER = "TestCarouse/TestCarouse-Prefix.pch";
				HEADER_SEARCH_PATHS = (
					"./SCFacebook/SCFacebook/ExternalFrameworks/facebook-ios-sdk/**",
					"./BlocksKit/**",
				);
				INFOPLIST_FILE = "TestCarouse/iquotes-Info.plist";
				IPHONEOS_DEPLOYMENT_TARGET = 4.3;
				OTHER_LDFLAGS = (
					"-all_load",
					"-ObjC",
				);
				PRODUCT_NAME = "$(TARGET_NAME)";
				PROVISIONING_PROFILE = "126DE7D6-5F6B-41CE-B1A0-0BFC845046CF";
				"PROVISIONING_PROFILE[sdk=iphoneos*]" = "126DE7D6-5F6B-41CE-B1A0-0BFC845046CF";
				WRAPPER_EXTENSION = app;
			};
			name = Debug;
		};
		18A2BCC3154FA89B00FEFAF4 /* Release */ = {
			isa = XCBuildConfiguration;
			buildSettings = {
				GCC_PRECOMPILE_PREFIX_HEADER = YES;
				GCC_PREFIX_HEADER = "TestCarouse/TestCarouse-Prefix.pch";
				HEADER_SEARCH_PATHS = (
					"./SCFacebook/SCFacebook/ExternalFrameworks/facebook-ios-sdk/**",
					"./BlocksKit/**",
				);
				INFOPLIST_FILE = "TestCarouse/iquotes-Info.plist";
				IPHONEOS_DEPLOYMENT_TARGET = 4.3;
				OTHER_LDFLAGS = (
					"-all_load",
					"-ObjC",
				);
				PRODUCT_NAME = "$(TARGET_NAME)";
				WRAPPER_EXTENSION = app;
			};
			name = Release;
		};
/* End XCBuildConfiguration section */

/* Begin XCConfigurationList section */
		18A2BC9A154FA89B00FEFAF4 /* Build configuration list for PBXProject "iquotes" */ = {
			isa = XCConfigurationList;
			buildConfigurations = (
				18A2BCBF154FA89B00FEFAF4 /* Debug */,
				18A2BCC0154FA89B00FEFAF4 /* Release */,
			);
			defaultConfigurationIsVisible = 0;
			defaultConfigurationName = Release;
		};
		18A2BCC1154FA89B00FEFAF4 /* Build configuration list for PBXNativeTarget "iChangedWorld" */ = {
			isa = XCConfigurationList;
			buildConfigurations = (
				18A2BCC2154FA89B00FEFAF4 /* Debug */,
				18A2BCC3154FA89B00FEFAF4 /* Release */,
			);
			defaultConfigurationIsVisible = 0;
			defaultConfigurationName = Release;
		};
/* End XCConfigurationList section */
	};
	rootObject = 18A2BC97154FA89B00FEFAF4 /* Project object */;
}
